
Microsoft Visual Studio Solution File, Format Version 12.00
# Visual Studio 14
VisualStudioVersion = 14.0.25420.1
MinimumVisualStudioVersion = 10.0.40219.1
Project("{FAE04EC0-301F-11D3-BF4B-00C04F79EFBC}") = "ConsoleProgram", "ExampleConsoleProgram\ConsoleProgram\ConsoleProgram.csproj", "{8E96E596-95DC-4DBF-8872-2D4EBE0099D2}"
EndProject
Project("{FAE04EC0-301F-11D3-BF4B-00C04F79EFBC}") = "DotParser", "Model\DotParser\DotParser.csproj", "{82F53A86-0DC1-40E1-947B-029C3E87EFFF}"
EndProject
Project("{FAE04EC0-301F-11D3-BF4B-00C04F79EFBC}") = "ExternalRunners", "Model\ExternalRunners\ExternalRunners.csproj", "{C1178425-0F15-4A1F-8C71-69618F2B6954}"
EndProject
Project("{FAE04EC0-301F-11D3-BF4B-00C04F79EFBC}") = "GraphModel", "Model\GraphModel\GraphModel.csproj", "{DABB9243-5896-4B2F-96B5-D6973A77B53D}"
EndProject
Project("{FAE04EC0-301F-11D3-BF4B-00C04F79EFBC}") = "GraphParser", "Model\GraphParser\GraphParser.csproj", "{7C573114-44BF-4F8E-81BC-7B2BECAA88D8}"
EndProject
Project("{FAE04EC0-301F-11D3-BF4B-00C04F79EFBC}") = "UnitTests", "UnitTests\UnitTests.csproj", "{1D4A7505-4F4A-4F19-99D4-3EA642F7E5BD}"
EndProject
Project("{FAE04EC0-301F-11D3-BF4B-00C04F79EFBC}") = "GraphView", "ExampleGraphView\GraphView\GraphView.csproj", "{CF3E0EE5-A17B-4A38-9ADF-80321BE396CA}"
EndProject
Project("{FAE04EC0-301F-11D3-BF4B-00C04F79EFBC}") = "GraphViewModel", "ViewModel\GraphViewModel\GraphViewModel.csproj", "{648385FE-F294-4ABC-A5AF-A1E3CDD503F9}"
EndProject
Project("{2150E333-8FDC-42A3-9474-1A3956D46DE8}") = "View", "View", "{D2A48438-C2F6-4D11-B14F-5A02E760F2DC}"
	ProjectSection(SolutionItems) = preProject
		View\GraphTemplates.xaml = View\GraphTemplates.xaml
		View\ImageToBitmapSourceConverter.cs = View\ImageToBitmapSourceConverter.cs
	EndProjectSection
EndProject
Project("{FAE04EC0-301F-11D3-BF4B-00C04F79EFBC}") = "GraphControllerViewModel", "ExampleGraphView\GraphControllerViewModel\GraphControllerViewModel.csproj", "{CD010999-4519-412B-BC88-AFDC8BD14CF4}"
EndProject
Project("{2150E333-8FDC-42A3-9474-1A3956D46DE8}") = "Model", "Model", "{9D096AC8-1809-47AD-9E07-9EFA2C0DC7F3}"
EndProject
Project("{2150E333-8FDC-42A3-9474-1A3956D46DE8}") = "ViewModel", "ViewModel", "{3B73F03F-DB40-4DB2-98BC-5277DD4617FA}"
EndProject
Project("{2150E333-8FDC-42A3-9474-1A3956D46DE8}") = "ExampleGraphView", "ExampleGraphView", "{CFFB68EC-1962-4EB5-A979-9E8F2A737C52}"
EndProject
Project("{2150E333-8FDC-42A3-9474-1A3956D46DE8}") = "ExampleConsoleProgram", "ExampleConsoleProgram", "{107000BC-7745-4587-9964-3E440481C5D5}"
EndProject
Global
	GlobalSection(SolutionConfigurationPlatforms) = preSolution
		Debug|Any CPU = Debug|Any CPU
		Debug|x86 = Debug|x86
		Release|Any CPU = Release|Any CPU
		Release|x86 = Release|x86
	EndGlobalSection
	GlobalSection(ProjectConfigurationPlatforms) = postSolution
		{8E96E596-95DC-4DBF-8872-2D4EBE0099D2}.Debug|Any CPU.ActiveCfg = Debug|Any CPU
		{8E96E596-95DC-4DBF-8872-2D4EBE0099D2}.Debug|Any CPU.Build.0 = Debug|Any CPU
		{8E96E596-95DC-4DBF-8872-2D4EBE0099D2}.Debug|x86.ActiveCfg = Debug|Any CPU
		{8E96E596-95DC-4DBF-8872-2D4EBE0099D2}.Debug|x86.Build.0 = Debug|Any CPU
		{8E96E596-95DC-4DBF-8872-2D4EBE0099D2}.Release|Any CPU.ActiveCfg = Release|Any CPU
		{8E96E596-95DC-4DBF-8872-2D4EBE0099D2}.Release|Any CPU.Build.0 = Release|Any CPU
		{8E96E596-95DC-4DBF-8872-2D4EBE0099D2}.Release|x86.ActiveCfg = Release|Any CPU
		{8E96E596-95DC-4DBF-8872-2D4EBE0099D2}.Release|x86.Build.0 = Release|Any CPU
		{82F53A86-0DC1-40E1-947B-029C3E87EFFF}.Debug|Any CPU.ActiveCfg = Debug|Any CPU
		{82F53A86-0DC1-40E1-947B-029C3E87EFFF}.Debug|Any CPU.Build.0 = Debug|Any CPU
		{82F53A86-0DC1-40E1-947B-029C3E87EFFF}.Debug|x86.ActiveCfg = Debug|Any CPU
		{82F53A86-0DC1-40E1-947B-029C3E87EFFF}.Debug|x86.Build.0 = Debug|Any CPU
		{82F53A86-0DC1-40E1-947B-029C3E87EFFF}.Release|Any CPU.ActiveCfg = Release|Any CPU
		{82F53A86-0DC1-40E1-947B-029C3E87EFFF}.Release|Any CPU.Build.0 = Release|Any CPU
		{82F53A86-0DC1-40E1-947B-029C3E87EFFF}.Release|x86.ActiveCfg = Release|Any CPU
		{82F53A86-0DC1-40E1-947B-029C3E87EFFF}.Release|x86.Build.0 = Release|Any CPU
		{C1178425-0F15-4A1F-8C71-69618F2B6954}.Debug|Any CPU.ActiveCfg = Debug|Any CPU
		{C1178425-0F15-4A1F-8C71-69618F2B6954}.Debug|Any CPU.Build.0 = Debug|Any CPU
		{C1178425-0F15-4A1F-8C71-69618F2B6954}.Debug|x86.ActiveCfg = Debug|Any CPU
		{C1178425-0F15-4A1F-8C71-69618F2B6954}.Debug|x86.Build.0 = Debug|Any CPU
		{C1178425-0F15-4A1F-8C71-69618F2B6954}.Release|Any CPU.ActiveCfg = Release|Any CPU
		{C1178425-0F15-4A1F-8C71-69618F2B6954}.Release|Any CPU.Build.0 = Release|Any CPU
		{C1178425-0F15-4A1F-8C71-69618F2B6954}.Release|x86.ActiveCfg = Release|Any CPU
		{C1178425-0F15-4A1F-8C71-69618F2B6954}.Release|x86.Build.0 = Release|Any CPU
		{DABB9243-5896-4B2F-96B5-D6973A77B53D}.Debug|Any CPU.ActiveCfg = Debug|Any CPU
		{DABB9243-5896-4B2F-96B5-D6973A77B53D}.Debug|Any CPU.Build.0 = Debug|Any CPU
		{DABB9243-5896-4B2F-96B5-D6973A77B53D}.Debug|x86.ActiveCfg = Debug|Any CPU
		{DABB9243-5896-4B2F-96B5-D6973A77B53D}.Debug|x86.Build.0 = Debug|Any CPU
		{DABB9243-5896-4B2F-96B5-D6973A77B53D}.Release|Any CPU.ActiveCfg = Release|Any CPU
		{DABB9243-5896-4B2F-96B5-D6973A77B53D}.Release|Any CPU.Build.0 = Release|Any CPU
		{DABB9243-5896-4B2F-96B5-D6973A77B53D}.Release|x86.ActiveCfg = Release|Any CPU
		{DABB9243-5896-4B2F-96B5-D6973A77B53D}.Release|x86.Build.0 = Release|Any CPU
		{7C573114-44BF-4F8E-81BC-7B2BECAA88D8}.Debug|Any CPU.ActiveCfg = Debug|Any CPU
		{7C573114-44BF-4F8E-81BC-7B2BECAA88D8}.Debug|Any CPU.Build.0 = Debug|Any CPU
		{7C573114-44BF-4F8E-81BC-7B2BECAA88D8}.Debug|x86.ActiveCfg = Debug|Any CPU
		{7C573114-44BF-4F8E-81BC-7B2BECAA88D8}.Debug|x86.Build.0 = Debug|Any CPU
		{7C573114-44BF-4F8E-81BC-7B2BECAA88D8}.Release|Any CPU.ActiveCfg = Release|Any CPU
		{7C573114-44BF-4F8E-81BC-7B2BECAA88D8}.Release|Any CPU.Build.0 = Release|Any CPU
		{7C573114-44BF-4F8E-81BC-7B2BECAA88D8}.Release|x86.ActiveCfg = Release|Any CPU
		{7C573114-44BF-4F8E-81BC-7B2BECAA88D8}.Release|x86.Build.0 = Release|Any CPU
		{1D4A7505-4F4A-4F19-99D4-3EA642F7E5BD}.Debug|Any CPU.ActiveCfg = Debug|Any CPU
		{1D4A7505-4F4A-4F19-99D4-3EA642F7E5BD}.Debug|Any CPU.Build.0 = Debug|Any CPU
		{1D4A7505-4F4A-4F19-99D4-3EA642F7E5BD}.Debug|x86.ActiveCfg = Debug|Any CPU
		{1D4A7505-4F4A-4F19-99D4-3EA642F7E5BD}.Debug|x86.Build.0 = Debug|Any CPU
		{1D4A7505-4F4A-4F19-99D4-3EA642F7E5BD}.Release|Any CPU.ActiveCfg = Release|Any CPU
		{1D4A7505-4F4A-4F19-99D4-3EA642F7E5BD}.Release|Any CPU.Build.0 = Release|Any CPU
		{1D4A7505-4F4A-4F19-99D4-3EA642F7E5BD}.Release|x86.ActiveCfg = Release|Any CPU
		{1D4A7505-4F4A-4F19-99D4-3EA642F7E5BD}.Release|x86.Build.0 = Release|Any CPU
		{CF3E0EE5-A17B-4A38-9ADF-80321BE396CA}.Debug|Any CPU.ActiveCfg = Debug|Any CPU
		{CF3E0EE5-A17B-4A38-9ADF-80321BE396CA}.Debug|Any CPU.Build.0 = Debug|Any CPU
		{CF3E0EE5-A17B-4A38-9ADF-80321BE396CA}.Debug|x86.ActiveCfg = Debug|Any CPU
		{CF3E0EE5-A17B-4A38-9ADF-80321BE396CA}.Debug|x86.Build.0 = Debug|Any CPU
		{CF3E0EE5-A17B-4A38-9ADF-80321BE396CA}.Release|Any CPU.ActiveCfg = Release|Any CPU
		{CF3E0EE5-A17B-4A38-9ADF-80321BE396CA}.Release|Any CPU.Build.0 = Release|Any CPU
		{CF3E0EE5-A17B-4A38-9ADF-80321BE396CA}.Release|x86.ActiveCfg = Release|Any CPU
		{CF3E0EE5-A17B-4A38-9ADF-80321BE396CA}.Release|x86.Build.0 = Release|Any CPU
		{648385FE-F294-4ABC-A5AF-A1E3CDD503F9}.Debug|Any CPU.ActiveCfg = Debug|Any CPU
		{648385FE-F294-4ABC-A5AF-A1E3CDD503F9}.Debug|Any CPU.Build.0 = Debug|Any CPU
		{648385FE-F294-4ABC-A5AF-A1E3CDD503F9}.Debug|x86.ActiveCfg = Debug|Any CPU
		{648385FE-F294-4ABC-A5AF-A1E3CDD503F9}.Debug|x86.Build.0 = Debug|Any CPU
		{648385FE-F294-4ABC-A5AF-A1E3CDD503F9}.Release|Any CPU.ActiveCfg = Release|Any CPU
		{648385FE-F294-4ABC-A5AF-A1E3CDD503F9}.Release|Any CPU.Build.0 = Release|Any CPU
		{648385FE-F294-4ABC-A5AF-A1E3CDD503F9}.Release|x86.ActiveCfg = Release|Any CPU
		{648385FE-F294-4ABC-A5AF-A1E3CDD503F9}.Release|x86.Build.0 = Release|Any CPU
		{CD010999-4519-412B-BC88-AFDC8BD14CF4}.Debug|Any CPU.ActiveCfg = Debug|Any CPU
		{CD010999-4519-412B-BC88-AFDC8BD14CF4}.Debug|Any CPU.Build.0 = Debug|Any CPU
		{CD010999-4519-412B-BC88-AFDC8BD14CF4}.Debug|x86.ActiveCfg = Debug|Any CPU
		{CD010999-4519-412B-BC88-AFDC8BD14CF4}.Debug|x86.Build.0 = Debug|Any CPU
		{CD010999-4519-412B-BC88-AFDC8BD14CF4}.Release|Any CPU.ActiveCfg = Release|Any CPU
		{CD010999-4519-412B-BC88-AFDC8BD14CF4}.Release|Any CPU.Build.0 = Release|Any CPU
		{CD010999-4519-412B-BC88-AFDC8BD14CF4}.Release|x86.ActiveCfg = Release|Any CPU
		{CD010999-4519-412B-BC88-AFDC8BD14CF4}.Release|x86.Build.0 = Release|Any CPU
	EndGlobalSection
	GlobalSection(SolutionProperties) = preSolution
		HideSolutionNode = FALSE
	EndGlobalSection
	GlobalSection(NestedProjects) = preSolution
		{8E96E596-95DC-4DBF-8872-2D4EBE0099D2} = {107000BC-7745-4587-9964-3E440481C5D5}
		{82F53A86-0DC1-40E1-947B-029C3E87EFFF} = {9D096AC8-1809-47AD-9E07-9EFA2C0DC7F3}
		{C1178425-0F15-4A1F-8C71-69618F2B6954} = {9D096AC8-1809-47AD-9E07-9EFA2C0DC7F3}
		{DABB9243-5896-4B2F-96B5-D6973A77B53D} = {9D096AC8-1809-47AD-9E07-9EFA2C0DC7F3}
		{7C573114-44BF-4F8E-81BC-7B2BECAA88D8} = {9D096AC8-1809-47AD-9E07-9EFA2C0DC7F3}
		{CF3E0EE5-A17B-4A38-9ADF-80321BE396CA} = {CFFB68EC-1962-4EB5-A979-9E8F2A737C52}
		{648385FE-F294-4ABC-A5AF-A1E3CDD503F9} = {3B73F03F-DB40-4DB2-98BC-5277DD4617FA}
		{CD010999-4519-412B-BC88-AFDC8BD14CF4} = {CFFB68EC-1962-4EB5-A979-9E8F2A737C52}
	EndGlobalSection
EndGlobal
