
Microsoft Visual Studio Solution File, Format Version 12.00
# Visual Studio 14
VisualStudioVersion = 14.0.25420.1
MinimumVisualStudioVersion = 10.0.40219.1
Project("{FAE04EC0-301F-11D3-BF4B-00C04F79EFBC}") = "ConsoleProgram", "ExampleConsoleProgram\ConsoleProgram\ConsoleProgram.csproj", "{8E96E596-95DC-4DBF-8872-2D4EBE0099D2}"
EndProject
Project("{FAE04EC0-301F-11D3-BF4B-00C04F79EFBC}") = "DotParserHelper", "Model\DotParserHelper\DotParserHelper.csproj", "{82F53A86-0DC1-40E1-947B-029C3E87EFFF}"
EndProject
Project("{FAE04EC0-301F-11D3-BF4B-00C04F79EFBC}") = "ExternalRunners", "Model\ExternalRunners\ExternalRunners.csproj", "{C1178425-0F15-4A1F-8C71-69618F2B6954}"
EndProject
Project("{FAE04EC0-301F-11D3-BF4B-00C04F79EFBC}") = "GraphModel", "Model\GraphModel\GraphModel.csproj", "{DABB9243-5896-4B2F-96B5-D6973A77B53D}"
EndProject
Project("{FAE04EC0-301F-11D3-BF4B-00C04F79EFBC}") = "GraphParser", "Model\GraphParser\GraphParser.csproj", "{7C573114-44BF-4F8E-81BC-7B2BECAA88D8}"
EndProject
Project("{FAE04EC0-301F-11D3-BF4B-00C04F79EFBC}") = "UnitTests", "UnitTests\UnitTests.csproj", "{1D4A7505-4F4A-4F19-99D4-3EA642F7E5BD}"
EndProject
Project("{FAE04EC0-301F-11D3-BF4B-00C04F79EFBC}") = "SharpGraph", "ExampleGraphView\SharpGraph\SharpGraph.csproj", "{CF3E0EE5-A17B-4A38-9ADF-80321BE396CA}"
EndProject
Project("{FAE04EC0-301F-11D3-BF4B-00C04F79EFBC}") = "GraphViewModel", "ViewModel\GraphViewModel\GraphViewModel.csproj", "{648385FE-F294-4ABC-A5AF-A1E3CDD503F9}"
EndProject
Project("{FAE04EC0-301F-11D3-BF4B-00C04F79EFBC}") = "GraphController", "ExampleGraphView\GraphController\GraphController.csproj", "{CD010999-4519-412B-BC88-AFDC8BD14CF4}"
EndProject
Project("{2150E333-8FDC-42A3-9474-1A3956D46DE8}") = "Model", "Model", "{9D096AC8-1809-47AD-9E07-9EFA2C0DC7F3}"
EndProject
Project("{2150E333-8FDC-42A3-9474-1A3956D46DE8}") = "ViewModel", "ViewModel", "{3B73F03F-DB40-4DB2-98BC-5277DD4617FA}"
EndProject
Project("{2150E333-8FDC-42A3-9474-1A3956D46DE8}") = "ExampleGraphView", "ExampleGraphView", "{CFFB68EC-1962-4EB5-A979-9E8F2A737C52}"
EndProject
Project("{2150E333-8FDC-42A3-9474-1A3956D46DE8}") = "ExampleConsoleProgram", "ExampleConsoleProgram", "{107000BC-7745-4587-9964-3E440481C5D5}"
EndProject
Project("{2150E333-8FDC-42A3-9474-1A3956D46DE8}") = "View", "View", "{2C09798D-B300-4062-A89B-7211BEBBC7F4}"
EndProject
Project("{FAE04EC0-301F-11D3-BF4B-00C04F79EFBC}") = "GraphView", "View\GraphView\GraphView.csproj", "{8F29791B-9D6E-421B-9544-69CF3A88B232}"
EndProject
Project("{2150E333-8FDC-42A3-9474-1A3956D46DE8}") = "ExampleSimpleView", "ExampleSimpleView", "{ACC94778-5F5C-4865-9F54-8C2493338D63}"
EndProject
Project("{FAE04EC0-301F-11D3-BF4B-00C04F79EFBC}") = "SimpleView", "ExampleSimpleView\SimpleView\SimpleView.csproj", "{F5CAC2B1-526B-4C73-B551-8C9DF3C5CC3D}"
EndProject
Project("{FAE04EC0-301F-11D3-BF4B-00C04F79EFBC}") = "NaturmagieView", "ExampleGraphView\NaturmagieView\NaturmagieView.csproj", "{D1474126-AE9B-41C9-B1B7-ECF9BDC0B536}"
EndProject
Project("{FAE04EC0-301F-11D3-BF4B-00C04F79EFBC}") = "BaseViewModel", "ViewModel\BaseViewModel\BaseViewModel.csproj", "{C4D8EE4D-2AB7-4843-8BEB-94D1C1410D80}"
EndProject
Project("{2150E333-8FDC-42A3-9474-1A3956D46DE8}") = "SolutionItems", "SolutionItems", "{835E426C-DB12-4F90-BBDE-BD183E385E84}"
	ProjectSection(SolutionItems) = preProject
		SolutionItems\GlobalAssemblyInfo.cs = SolutionItems\GlobalAssemblyInfo.cs
	EndProjectSection
EndProject
Global
	GlobalSection(SolutionConfigurationPlatforms) = preSolution
		Debug|Any CPU = Debug|Any CPU
		Debug|x86 = Debug|x86
		Release|Any CPU = Release|Any CPU
		Release|x86 = Release|x86
	EndGlobalSection
	GlobalSection(ProjectConfigurationPlatforms) = postSolution
		{8E96E596-95DC-4DBF-8872-2D4EBE0099D2}.Debug|Any CPU.ActiveCfg = Debug|Any CPU
		{8E96E596-95DC-4DBF-8872-2D4EBE0099D2}.Debug|Any CPU.Build.0 = Debug|Any CPU
		{8E96E596-95DC-4DBF-8872-2D4EBE0099D2}.Debug|x86.ActiveCfg = Debug|Any CPU
		{8E96E596-95DC-4DBF-8872-2D4EBE0099D2}.Debug|x86.Build.0 = Debug|Any CPU
		{8E96E596-95DC-4DBF-8872-2D4EBE0099D2}.Release|Any CPU.ActiveCfg = Release|Any CPU
		{8E96E596-95DC-4DBF-8872-2D4EBE0099D2}.Release|Any CPU.Build.0 = Release|Any CPU
		{8E96E596-95DC-4DBF-8872-2D4EBE0099D2}.Release|x86.ActiveCfg = Release|Any CPU
		{8E96E596-95DC-4DBF-8872-2D4EBE0099D2}.Release|x86.Build.0 = Release|Any CPU
		{82F53A86-0DC1-40E1-947B-029C3E87EFFF}.Debug|Any CPU.ActiveCfg = Debug|Any CPU
		{82F53A86-0DC1-40E1-947B-029C3E87EFFF}.Debug|Any CPU.Build.0 = Debug|Any CPU
		{82F53A86-0DC1-40E1-947B-029C3E87EFFF}.Debug|x86.ActiveCfg = Debug|Any CPU
		{82F53A86-0DC1-40E1-947B-029C3E87EFFF}.Debug|x86.Build.0 = Debug|Any CPU
		{82F53A86-0DC1-40E1-947B-029C3E87EFFF}.Release|Any CPU.ActiveCfg = Release|Any CPU
		{82F53A86-0DC1-40E1-947B-029C3E87EFFF}.Release|Any CPU.Build.0 = Release|Any CPU
		{82F53A86-0DC1-40E1-947B-029C3E87EFFF}.Release|x86.ActiveCfg = Release|Any CPU
		{82F53A86-0DC1-40E1-947B-029C3E87EFFF}.Release|x86.Build.0 = Release|Any CPU
		{C1178425-0F15-4A1F-8C71-69618F2B6954}.Debug|Any CPU.ActiveCfg = Debug|Any CPU
		{C1178425-0F15-4A1F-8C71-69618F2B6954}.Debug|Any CPU.Build.0 = Debug|Any CPU
		{C1178425-0F15-4A1F-8C71-69618F2B6954}.Debug|x86.ActiveCfg = Debug|Any CPU
		{C1178425-0F15-4A1F-8C71-69618F2B6954}.Debug|x86.Build.0 = Debug|Any CPU
		{C1178425-0F15-4A1F-8C71-69618F2B6954}.Release|Any CPU.ActiveCfg = Release|Any CPU
		{C1178425-0F15-4A1F-8C71-69618F2B6954}.Release|Any CPU.Build.0 = Release|Any CPU
		{C1178425-0F15-4A1F-8C71-69618F2B6954}.Release|x86.ActiveCfg = Release|Any CPU
		{C1178425-0F15-4A1F-8C71-69618F2B6954}.Release|x86.Build.0 = Release|Any CPU
		{DABB9243-5896-4B2F-96B5-D6973A77B53D}.Debug|Any CPU.ActiveCfg = Debug|Any CPU
		{DABB9243-5896-4B2F-96B5-D6973A77B53D}.Debug|Any CPU.Build.0 = Debug|Any CPU
		{DABB9243-5896-4B2F-96B5-D6973A77B53D}.Debug|x86.ActiveCfg = Debug|Any CPU
		{DABB9243-5896-4B2F-96B5-D6973A77B53D}.Debug|x86.Build.0 = Debug|Any CPU
		{DABB9243-5896-4B2F-96B5-D6973A77B53D}.Release|Any CPU.ActiveCfg = Release|Any CPU
		{DABB9243-5896-4B2F-96B5-D6973A77B53D}.Release|Any CPU.Build.0 = Release|Any CPU
		{DABB9243-5896-4B2F-96B5-D6973A77B53D}.Release|x86.ActiveCfg = Release|Any CPU
		{DABB9243-5896-4B2F-96B5-D6973A77B53D}.Release|x86.Build.0 = Release|Any CPU
		{7C573114-44BF-4F8E-81BC-7B2BECAA88D8}.Debug|Any CPU.ActiveCfg = Debug|Any CPU
		{7C573114-44BF-4F8E-81BC-7B2BECAA88D8}.Debug|Any CPU.Build.0 = Debug|Any CPU
		{7C573114-44BF-4F8E-81BC-7B2BECAA88D8}.Debug|x86.ActiveCfg = Debug|Any CPU
		{7C573114-44BF-4F8E-81BC-7B2BECAA88D8}.Debug|x86.Build.0 = Debug|Any CPU
		{7C573114-44BF-4F8E-81BC-7B2BECAA88D8}.Release|Any CPU.ActiveCfg = Release|Any CPU
		{7C573114-44BF-4F8E-81BC-7B2BECAA88D8}.Release|Any CPU.Build.0 = Release|Any CPU
		{7C573114-44BF-4F8E-81BC-7B2BECAA88D8}.Release|x86.ActiveCfg = Release|Any CPU
		{7C573114-44BF-4F8E-81BC-7B2BECAA88D8}.Release|x86.Build.0 = Release|Any CPU
		{1D4A7505-4F4A-4F19-99D4-3EA642F7E5BD}.Debug|Any CPU.ActiveCfg = Debug|Any CPU
		{1D4A7505-4F4A-4F19-99D4-3EA642F7E5BD}.Debug|Any CPU.Build.0 = Debug|Any CPU
		{1D4A7505-4F4A-4F19-99D4-3EA642F7E5BD}.Debug|x86.ActiveCfg = Debug|Any CPU
		{1D4A7505-4F4A-4F19-99D4-3EA642F7E5BD}.Debug|x86.Build.0 = Debug|Any CPU
		{1D4A7505-4F4A-4F19-99D4-3EA642F7E5BD}.Release|Any CPU.ActiveCfg = Release|Any CPU
		{1D4A7505-4F4A-4F19-99D4-3EA642F7E5BD}.Release|Any CPU.Build.0 = Release|Any CPU
		{1D4A7505-4F4A-4F19-99D4-3EA642F7E5BD}.Release|x86.ActiveCfg = Release|Any CPU
		{1D4A7505-4F4A-4F19-99D4-3EA642F7E5BD}.Release|x86.Build.0 = Release|Any CPU
		{CF3E0EE5-A17B-4A38-9ADF-80321BE396CA}.Debug|Any CPU.ActiveCfg = Debug|Any CPU
		{CF3E0EE5-A17B-4A38-9ADF-80321BE396CA}.Debug|Any CPU.Build.0 = Debug|Any CPU
		{CF3E0EE5-A17B-4A38-9ADF-80321BE396CA}.Debug|x86.ActiveCfg = Debug|Any CPU
		{CF3E0EE5-A17B-4A38-9ADF-80321BE396CA}.Debug|x86.Build.0 = Debug|Any CPU
		{CF3E0EE5-A17B-4A38-9ADF-80321BE396CA}.Release|Any CPU.ActiveCfg = Release|Any CPU
		{CF3E0EE5-A17B-4A38-9ADF-80321BE396CA}.Release|Any CPU.Build.0 = Release|Any CPU
		{CF3E0EE5-A17B-4A38-9ADF-80321BE396CA}.Release|x86.ActiveCfg = Release|Any CPU
		{CF3E0EE5-A17B-4A38-9ADF-80321BE396CA}.Release|x86.Build.0 = Release|Any CPU
		{648385FE-F294-4ABC-A5AF-A1E3CDD503F9}.Debug|Any CPU.ActiveCfg = Debug|Any CPU
		{648385FE-F294-4ABC-A5AF-A1E3CDD503F9}.Debug|Any CPU.Build.0 = Debug|Any CPU
		{648385FE-F294-4ABC-A5AF-A1E3CDD503F9}.Debug|x86.ActiveCfg = Debug|Any CPU
		{648385FE-F294-4ABC-A5AF-A1E3CDD503F9}.Debug|x86.Build.0 = Debug|Any CPU
		{648385FE-F294-4ABC-A5AF-A1E3CDD503F9}.Release|Any CPU.ActiveCfg = Release|Any CPU
		{648385FE-F294-4ABC-A5AF-A1E3CDD503F9}.Release|Any CPU.Build.0 = Release|Any CPU
		{648385FE-F294-4ABC-A5AF-A1E3CDD503F9}.Release|x86.ActiveCfg = Release|Any CPU
		{648385FE-F294-4ABC-A5AF-A1E3CDD503F9}.Release|x86.Build.0 = Release|Any CPU
		{CD010999-4519-412B-BC88-AFDC8BD14CF4}.Debug|Any CPU.ActiveCfg = Debug|Any CPU
		{CD010999-4519-412B-BC88-AFDC8BD14CF4}.Debug|Any CPU.Build.0 = Debug|Any CPU
		{CD010999-4519-412B-BC88-AFDC8BD14CF4}.Debug|x86.ActiveCfg = Debug|Any CPU
		{CD010999-4519-412B-BC88-AFDC8BD14CF4}.Debug|x86.Build.0 = Debug|Any CPU
		{CD010999-4519-412B-BC88-AFDC8BD14CF4}.Release|Any CPU.ActiveCfg = Release|Any CPU
		{CD010999-4519-412B-BC88-AFDC8BD14CF4}.Release|Any CPU.Build.0 = Release|Any CPU
		{CD010999-4519-412B-BC88-AFDC8BD14CF4}.Release|x86.ActiveCfg = Release|Any CPU
		{CD010999-4519-412B-BC88-AFDC8BD14CF4}.Release|x86.Build.0 = Release|Any CPU
		{8F29791B-9D6E-421B-9544-69CF3A88B232}.Debug|Any CPU.ActiveCfg = Debug|Any CPU
		{8F29791B-9D6E-421B-9544-69CF3A88B232}.Debug|Any CPU.Build.0 = Debug|Any CPU
		{8F29791B-9D6E-421B-9544-69CF3A88B232}.Debug|x86.ActiveCfg = Debug|Any CPU
		{8F29791B-9D6E-421B-9544-69CF3A88B232}.Debug|x86.Build.0 = Debug|Any CPU
		{8F29791B-9D6E-421B-9544-69CF3A88B232}.Release|Any CPU.ActiveCfg = Release|Any CPU
		{8F29791B-9D6E-421B-9544-69CF3A88B232}.Release|Any CPU.Build.0 = Release|Any CPU
		{8F29791B-9D6E-421B-9544-69CF3A88B232}.Release|x86.ActiveCfg = Release|Any CPU
		{8F29791B-9D6E-421B-9544-69CF3A88B232}.Release|x86.Build.0 = Release|Any CPU
		{F5CAC2B1-526B-4C73-B551-8C9DF3C5CC3D}.Debug|Any CPU.ActiveCfg = Debug|Any CPU
		{F5CAC2B1-526B-4C73-B551-8C9DF3C5CC3D}.Debug|Any CPU.Build.0 = Debug|Any CPU
		{F5CAC2B1-526B-4C73-B551-8C9DF3C5CC3D}.Debug|x86.ActiveCfg = Debug|Any CPU
		{F5CAC2B1-526B-4C73-B551-8C9DF3C5CC3D}.Debug|x86.Build.0 = Debug|Any CPU
		{F5CAC2B1-526B-4C73-B551-8C9DF3C5CC3D}.Release|Any CPU.ActiveCfg = Release|Any CPU
		{F5CAC2B1-526B-4C73-B551-8C9DF3C5CC3D}.Release|Any CPU.Build.0 = Release|Any CPU
		{F5CAC2B1-526B-4C73-B551-8C9DF3C5CC3D}.Release|x86.ActiveCfg = Release|Any CPU
		{F5CAC2B1-526B-4C73-B551-8C9DF3C5CC3D}.Release|x86.Build.0 = Release|Any CPU
		{D1474126-AE9B-41C9-B1B7-ECF9BDC0B536}.Debug|Any CPU.ActiveCfg = Debug|Any CPU
		{D1474126-AE9B-41C9-B1B7-ECF9BDC0B536}.Debug|Any CPU.Build.0 = Debug|Any CPU
		{D1474126-AE9B-41C9-B1B7-ECF9BDC0B536}.Debug|x86.ActiveCfg = Debug|Any CPU
		{D1474126-AE9B-41C9-B1B7-ECF9BDC0B536}.Debug|x86.Build.0 = Debug|Any CPU
		{D1474126-AE9B-41C9-B1B7-ECF9BDC0B536}.Release|Any CPU.ActiveCfg = Release|Any CPU
		{D1474126-AE9B-41C9-B1B7-ECF9BDC0B536}.Release|Any CPU.Build.0 = Release|Any CPU
		{D1474126-AE9B-41C9-B1B7-ECF9BDC0B536}.Release|x86.ActiveCfg = Release|Any CPU
		{D1474126-AE9B-41C9-B1B7-ECF9BDC0B536}.Release|x86.Build.0 = Release|Any CPU
		{C4D8EE4D-2AB7-4843-8BEB-94D1C1410D80}.Debug|Any CPU.ActiveCfg = Debug|Any CPU
		{C4D8EE4D-2AB7-4843-8BEB-94D1C1410D80}.Debug|Any CPU.Build.0 = Debug|Any CPU
		{C4D8EE4D-2AB7-4843-8BEB-94D1C1410D80}.Debug|x86.ActiveCfg = Debug|Any CPU
		{C4D8EE4D-2AB7-4843-8BEB-94D1C1410D80}.Debug|x86.Build.0 = Debug|Any CPU
		{C4D8EE4D-2AB7-4843-8BEB-94D1C1410D80}.Release|Any CPU.ActiveCfg = Release|Any CPU
		{C4D8EE4D-2AB7-4843-8BEB-94D1C1410D80}.Release|Any CPU.Build.0 = Release|Any CPU
		{C4D8EE4D-2AB7-4843-8BEB-94D1C1410D80}.Release|x86.ActiveCfg = Release|Any CPU
		{C4D8EE4D-2AB7-4843-8BEB-94D1C1410D80}.Release|x86.Build.0 = Release|Any CPU
	EndGlobalSection
	GlobalSection(SolutionProperties) = preSolution
		HideSolutionNode = FALSE
	EndGlobalSection
	GlobalSection(NestedProjects) = preSolution
		{8E96E596-95DC-4DBF-8872-2D4EBE0099D2} = {107000BC-7745-4587-9964-3E440481C5D5}
		{82F53A86-0DC1-40E1-947B-029C3E87EFFF} = {9D096AC8-1809-47AD-9E07-9EFA2C0DC7F3}
		{C1178425-0F15-4A1F-8C71-69618F2B6954} = {9D096AC8-1809-47AD-9E07-9EFA2C0DC7F3}
		{DABB9243-5896-4B2F-96B5-D6973A77B53D} = {9D096AC8-1809-47AD-9E07-9EFA2C0DC7F3}
		{7C573114-44BF-4F8E-81BC-7B2BECAA88D8} = {9D096AC8-1809-47AD-9E07-9EFA2C0DC7F3}
		{CF3E0EE5-A17B-4A38-9ADF-80321BE396CA} = {CFFB68EC-1962-4EB5-A979-9E8F2A737C52}
		{648385FE-F294-4ABC-A5AF-A1E3CDD503F9} = {3B73F03F-DB40-4DB2-98BC-5277DD4617FA}
		{CD010999-4519-412B-BC88-AFDC8BD14CF4} = {CFFB68EC-1962-4EB5-A979-9E8F2A737C52}
		{8F29791B-9D6E-421B-9544-69CF3A88B232} = {2C09798D-B300-4062-A89B-7211BEBBC7F4}
		{F5CAC2B1-526B-4C73-B551-8C9DF3C5CC3D} = {ACC94778-5F5C-4865-9F54-8C2493338D63}
		{D1474126-AE9B-41C9-B1B7-ECF9BDC0B536} = {CFFB68EC-1962-4EB5-A979-9E8F2A737C52}
		{C4D8EE4D-2AB7-4843-8BEB-94D1C1410D80} = {3B73F03F-DB40-4DB2-98BC-5277DD4617FA}
	EndGlobalSection
EndGlobal
